
Microsoft Visual Studio Solution File, Format Version 12.00
# Visual Studio 14
VisualStudioVersion = 14.0.25420.1
MinimumVisualStudioVersion = 10.0.40219.1
Project("{FAE04EC0-301F-11D3-BF4B-00C04F79EFBC}") = "PassTheBarrier.Droid", "PassTheBarrier\PassTheBarrier.Droid.csproj", "{87A4681E-AF3E-4454-95FA-8E68DD5B78F6}"
EndProject
Project("{FAE04EC0-301F-11D3-BF4B-00C04F79EFBC}") = "PassTheBarrier.Core", "PassTheBarier.Core\PassTheBarrier.Core.csproj", "{E7DF68F3-6FE4-4A05-AEBA-FF755DF4C5E4}"
EndProject
Global
	GlobalSection(SolutionConfigurationPlatforms) = preSolution
		Debug|Any CPU = Debug|Any CPU
		Release|Any CPU = Release|Any CPU
	EndGlobalSection
	GlobalSection(ProjectConfigurationPlatforms) = postSolution
		{87A4681E-AF3E-4454-95FA-8E68DD5B78F6}.Debug|Any CPU.ActiveCfg = Debug|Any CPU
		{87A4681E-AF3E-4454-95FA-8E68DD5B78F6}.Debug|Any CPU.Build.0 = Debug|Any CPU
		{87A4681E-AF3E-4454-95FA-8E68DD5B78F6}.Debug|Any CPU.Deploy.0 = Debug|Any CPU
		{87A4681E-AF3E-4454-95FA-8E68DD5B78F6}.Release|Any CPU.ActiveCfg = Release|Any CPU
		{87A4681E-AF3E-4454-95FA-8E68DD5B78F6}.Release|Any CPU.Build.0 = Release|Any CPU
		{87A4681E-AF3E-4454-95FA-8E68DD5B78F6}.Release|Any CPU.Deploy.0 = Release|Any CPU
		{E7DF68F3-6FE4-4A05-AEBA-FF755DF4C5E4}.Debug|Any CPU.ActiveCfg = Debug|Any CPU
		{E7DF68F3-6FE4-4A05-AEBA-FF755DF4C5E4}.Debug|Any CPU.Build.0 = Debug|Any CPU
		{E7DF68F3-6FE4-4A05-AEBA-FF755DF4C5E4}.Release|Any CPU.ActiveCfg = Release|Any CPU
		{E7DF68F3-6FE4-4A05-AEBA-FF755DF4C5E4}.Release|Any CPU.Build.0 = Release|Any CPU
	EndGlobalSection
	GlobalSection(SolutionProperties) = preSolution
		HideSolutionNode = FALSE
	EndGlobalSection
EndGlobal
